// !$*UTF8*$!
{
	archiveVersion = 1;
	classes = {
	};
	objectVersion = 50;
	objects = {

/* Begin PBXBuildFile section */
		613363912253C0C80043308A /* AppDelegate.swift in Sources */ = {isa = PBXBuildFile; fileRef = 613363902253C0C80043308A /* AppDelegate.swift */; };
		613363932253C0C80043308A /* ViewController.swift in Sources */ = {isa = PBXBuildFile; fileRef = 613363922253C0C80043308A /* ViewController.swift */; };
		613363962253C0C80043308A /* Main.storyboard in Resources */ = {isa = PBXBuildFile; fileRef = 613363942253C0C80043308A /* Main.storyboard */; };
		613363982253C0C90043308A /* Assets.xcassets in Resources */ = {isa = PBXBuildFile; fileRef = 613363972253C0C90043308A /* Assets.xcassets */; };
		6133639B2253C0C90043308A /* LaunchScreen.storyboard in Resources */ = {isa = PBXBuildFile; fileRef = 613363992253C0C90043308A /* LaunchScreen.storyboard */; };
		613363A62253C0C90043308A /* gitTests.swift in Sources */ = {isa = PBXBuildFile; fileRef = 613363A52253C0C90043308A /* gitTests.swift */; };
		613363B12253C0C90043308A /* gitUITests.swift in Sources */ = {isa = PBXBuildFile; fileRef = 613363B02253C0C90043308A /* gitUITests.swift */; };
/* End PBXBuildFile section */

/* Begin PBXContainerItemProxy section */
		613363A22253C0C90043308A /* PBXContainerItemProxy */ = {
			isa = PBXContainerItemProxy;
			containerPortal = 613363852253C0C80043308A /* Project object */;
			proxyType = 1;
			remoteGlobalIDString = 6133638C2253C0C80043308A;
			remoteInfo = git;
		};
		613363AD2253C0C90043308A /* PBXContainerItemProxy */ = {
			isa = PBXContainerItemProxy;
			containerPortal = 613363852253C0C80043308A /* Project object */;
			proxyType = 1;
			remoteGlobalIDString = 6133638C2253C0C80043308A;
			remoteInfo = git;
		};
/* End PBXContainerItemProxy section */

/* Begin PBXFileReference section */
		6133638D2253C0C80043308A /* git.app */ = {isa = PBXFileReference; explicitFileType = wrapper.application; includeInIndex = 0; path = git.app; sourceTree = BUILT_PRODUCTS_DIR; };
		613363902253C0C80043308A /* AppDelegate.swift */ = {isa = PBXFileReference; lastKnownFileType = sourcecode.swift; path = AppDelegate.swift; sourceTree = "<group>"; };
		613363922253C0C80043308A /* ViewController.swift */ = {isa = PBXFileReference; lastKnownFileType = sourcecode.swift; path = ViewController.swift; sourceTree = "<group>"; };
		613363952253C0C80043308A /* Base */ = {isa = PBXFileReference; lastKnownFileType = file.storyboard; name = Base; path = Base.lproj/Main.storyboard; sourceTree = "<group>"; };
		613363972253C0C90043308A /* Assets.xcassets */ = {isa = PBXFileReference; lastKnownFileType = folder.assetcatalog; path = Assets.xcassets; sourceTree = "<group>"; };
		6133639A2253C0C90043308A /* Base */ = {isa = PBXFileReference; lastKnownFileType = file.storyboard; name = Base; path = Base.lproj/LaunchScreen.storyboard; sourceTree = "<group>"; };
		6133639C2253C0C90043308A /* Info.plist */ = {isa = PBXFileReference; lastKnownFileType = text.plist.xml; path = Info.plist; sourceTree = "<group>"; };
		613363A12253C0C90043308A /* gitTests.xctest */ = {isa = PBXFileReference; explicitFileType = wrapper.cfbundle; includeInIndex = 0; path = gitTests.xctest; sourceTree = BUILT_PRODUCTS_DIR; };
		613363A52253C0C90043308A /* gitTests.swift */ = {isa = PBXFileReference; lastKnownFileType = sourcecode.swift; path = gitTests.swift; sourceTree = "<group>"; };
		613363A72253C0C90043308A /* Info.plist */ = {isa = PBXFileReference; lastKnownFileType = text.plist.xml; path = Info.plist; sourceTree = "<group>"; };
		613363AC2253C0C90043308A /* gitUITests.xctest */ = {isa = PBXFileReference; explicitFileType = wrapper.cfbundle; includeInIndex = 0; path = gitUITests.xctest; sourceTree = BUILT_PRODUCTS_DIR; };
		613363B02253C0C90043308A /* gitUITests.swift */ = {isa = PBXFileReference; lastKnownFileType = sourcecode.swift; path = gitUITests.swift; sourceTree = "<group>"; };
		613363B22253C0C90043308A /* Info.plist */ = {isa = PBXFileReference; lastKnownFileType = text.plist.xml; path = Info.plist; sourceTree = "<group>"; };
/* End PBXFileReference section */

/* Begin PBXFrameworksBuildPhase section */
		6133638A2253C0C80043308A /* Frameworks */ = {
			isa = PBXFrameworksBuildPhase;
			buildActionMask = 2147483647;
			files = (
			);
			runOnlyForDeploymentPostprocessing = 0;
		};
		6133639E2253C0C90043308A /* Frameworks */ = {
			isa = PBXFrameworksBuildPhase;
			buildActionMask = 2147483647;
			files = (
			);
			runOnlyForDeploymentPostprocessing = 0;
		};
		613363A92253C0C90043308A /* Frameworks */ = {
			isa = PBXFrameworksBuildPhase;
			buildActionMask = 2147483647;
			files = (
			);
			runOnlyForDeploymentPostprocessing = 0;
		};
/* End PBXFrameworksBuildPhase section */

/* Begin PBXGroup section */
		613363842253C0C80043308A = {
			isa = PBXGroup;
			children = (
				6133638F2253C0C80043308A /* git */,
				613363A42253C0C90043308A /* gitTests */,
				613363AF2253C0C90043308A /* gitUITests */,
				6133638E2253C0C80043308A /* Products */,
			);
			sourceTree = "<group>";
		};
		6133638E2253C0C80043308A /* Products */ = {
			isa = PBXGroup;
			children = (
				6133638D2253C0C80043308A /* git.app */,
				613363A12253C0C90043308A /* gitTests.xctest */,
				613363AC2253C0C90043308A /* gitUITests.xctest */,
			);
			name = Products;
			sourceTree = "<group>";
		};
		6133638F2253C0C80043308A /* git */ = {
			isa = PBXGroup;
			children = (
				613363902253C0C80043308A /* AppDelegate.swift */,
				613363922253C0C80043308A /* ViewController.swift */,
				613363942253C0C80043308A /* Main.storyboard */,
				613363972253C0C90043308A /* Assets.xcassets */,
				613363992253C0C90043308A /* LaunchScreen.storyboard */,
				6133639C2253C0C90043308A /* Info.plist */,
			);
			path = git;
			sourceTree = "<group>";
		};
		613363A42253C0C90043308A /* gitTests */ = {
			isa = PBXGroup;
			children = (
				613363A52253C0C90043308A /* gitTests.swift */,
				613363A72253C0C90043308A /* Info.plist */,
			);
			path = gitTests;
			sourceTree = "<group>";
		};
		613363AF2253C0C90043308A /* gitUITests */ = {
			isa = PBXGroup;
			children = (
				613363B02253C0C90043308A /* gitUITests.swift */,
				613363B22253C0C90043308A /* Info.plist */,
			);
			path = gitUITests;
			sourceTree = "<group>";
		};
/* End PBXGroup section */

/* Begin PBXNativeTarget section */
		6133638C2253C0C80043308A /* git */ = {
			isa = PBXNativeTarget;
			buildConfigurationList = 613363B52253C0C90043308A /* Build configuration list for PBXNativeTarget "git" */;
			buildPhases = (
				613363892253C0C80043308A /* Sources */,
				6133638A2253C0C80043308A /* Frameworks */,
				6133638B2253C0C80043308A /* Resources */,
			);
			buildRules = (
			);
			dependencies = (
			);
			name = git;
			productName = git;
			productReference = 6133638D2253C0C80043308A /* git.app */;
			productType = "com.apple.product-type.application";
		};
		613363A02253C0C90043308A /* gitTests */ = {
			isa = PBXNativeTarget;
			buildConfigurationList = 613363B82253C0C90043308A /* Build configuration list for PBXNativeTarget "gitTests" */;
			buildPhases = (
				6133639D2253C0C90043308A /* Sources */,
				6133639E2253C0C90043308A /* Frameworks */,
				6133639F2253C0C90043308A /* Resources */,
			);
			buildRules = (
			);
			dependencies = (
				613363A32253C0C90043308A /* PBXTargetDependency */,
			);
			name = gitTests;
			productName = gitTests;
			productReference = 613363A12253C0C90043308A /* gitTests.xctest */;
			productType = "com.apple.product-type.bundle.unit-test";
		};
		613363AB2253C0C90043308A /* gitUITests */ = {
			isa = PBXNativeTarget;
			buildConfigurationList = 613363BB2253C0C90043308A /* Build configuration list for PBXNativeTarget "gitUITests" */;
			buildPhases = (
				613363A82253C0C90043308A /* Sources */,
				613363A92253C0C90043308A /* Frameworks */,
				613363AA2253C0C90043308A /* Resources */,
			);
			buildRules = (
			);
			dependencies = (
				613363AE2253C0C90043308A /* PBXTargetDependency */,
			);
			name = gitUITests;
			productName = gitUITests;
			productReference = 613363AC2253C0C90043308A /* gitUITests.xctest */;
			productType = "com.apple.product-type.bundle.ui-testing";
		};
/* End PBXNativeTarget section */

/* Begin PBXProject section */
		613363852253C0C80043308A /* Project object */ = {
			isa = PBXProject;
			attributes = {
				LastSwiftUpdateCheck = 1010;
				LastUpgradeCheck = 1010;
				ORGANIZATIONNAME = "Lawrence Madar";
				TargetAttributes = {
					6133638C2253C0C80043308A = {
						CreatedOnToolsVersion = 10.1;
					};
					613363A02253C0C90043308A = {
						CreatedOnToolsVersion = 10.1;
						TestTargetID = 6133638C2253C0C80043308A;
					};
					613363AB2253C0C90043308A = {
						CreatedOnToolsVersion = 10.1;
						TestTargetID = 6133638C2253C0C80043308A;
					};
				};
			};
			buildConfigurationList = 613363882253C0C80043308A /* Build configuration list for PBXProject "git" */;
			compatibilityVersion = "Xcode 9.3";
			developmentRegion = en;
			hasScannedForEncodings = 0;
			knownRegions = (
				en,
				Base,
			);
			mainGroup = 613363842253C0C80043308A;
			productRefGroup = 6133638E2253C0C80043308A /* Products */;
			projectDirPath = "";
			projectRoot = "";
			targets = (
				6133638C2253C0C80043308A /* git */,
				613363A02253C0C90043308A /* gitTests */,
				613363AB2253C0C90043308A /* gitUITests */,
			);
		};
/* End PBXProject section */

/* Begin PBXResourcesBuildPhase section */
		6133638B2253C0C80043308A /* Resources */ = {
			isa = PBXResourcesBuildPhase;
			buildActionMask = 2147483647;
			files = (
				6133639B2253C0C90043308A /* LaunchScreen.storyboard in Resources */,
				613363982253C0C90043308A /* Assets.xcassets in Resources */,
				613363962253C0C80043308A /* Main.storyboard in Resources */,
			);
			runOnlyForDeploymentPostprocessing = 0;
		};
		6133639F2253C0C90043308A /* Resources */ = {
			isa = PBXResourcesBuildPhase;
			buildActionMask = 2147483647;
			files = (
			);
			runOnlyForDeploymentPostprocessing = 0;
		};
		613363AA2253C0C90043308A /* Resources */ = {
			isa = PBXResourcesBuildPhase;
			buildActionMask = 2147483647;
			files = (
			);
			runOnlyForDeploymentPostprocessing = 0;
		};
/* End PBXResourcesBuildPhase section */

/* Begin PBXSourcesBuildPhase section */
		613363892253C0C80043308A /* Sources */ = {
			isa = PBXSourcesBuildPhase;
			buildActionMask = 2147483647;
			files = (
				613363932253C0C80043308A /* ViewController.swift in Sources */,
				613363912253C0C80043308A /* AppDelegate.swift in Sources */,
			);
			runOnlyForDeploymentPostprocessing = 0;
		};
		6133639D2253C0C90043308A /* Sources */ = {
			isa = PBXSourcesBuildPhase;
			buildActionMask = 2147483647;
			files = (
				613363A62253C0C90043308A /* gitTests.swift in Sources */,
			);
			runOnlyForDeploymentPostprocessing = 0;
		};
		613363A82253C0C90043308A /* Sources */ = {
			isa = PBXSourcesBuildPhase;
			buildActionMask = 2147483647;
			files = (
				613363B12253C0C90043308A /* gitUITests.swift in Sources */,
			);
			runOnlyForDeploymentPostprocessing = 0;
		};
/* End PBXSourcesBuildPhase section */

/* Begin PBXTargetDependency section */
		613363A32253C0C90043308A /* PBXTargetDependency */ = {
			isa = PBXTargetDependency;
			target = 6133638C2253C0C80043308A /* git */;
			targetProxy = 613363A22253C0C90043308A /* PBXContainerItemProxy */;
		};
		613363AE2253C0C90043308A /* PBXTargetDependency */ = {
			isa = PBXTargetDependency;
			target = 6133638C2253C0C80043308A /* git */;
			targetProxy = 613363AD2253C0C90043308A /* PBXContainerItemProxy */;
		};
/* End PBXTargetDependency section */

/* Begin PBXVariantGroup section */
		613363942253C0C80043308A /* Main.storyboard */ = {
			isa = PBXVariantGroup;
			children = (
				613363952253C0C80043308A /* Base */,
			);
			name = Main.storyboard;
			sourceTree = "<group>";
		};
		613363992253C0C90043308A /* LaunchScreen.storyboard */ = {
			isa = PBXVariantGroup;
			children = (
				6133639A2253C0C90043308A /* Base */,
			);
			name = LaunchScreen.storyboard;
			sourceTree = "<group>";
		};
/* End PBXVariantGroup section */

/* Begin XCBuildConfiguration section */
		613363B32253C0C90043308A /* Debug */ = {
			isa = XCBuildConfiguration;
			buildSettings = {
				ALWAYS_SEARCH_USER_PATHS = NO;
				CLANG_ANALYZER_NONNULL = YES;
				CLANG_ANALYZER_NUMBER_OBJECT_CONVERSION = YES_AGGRESSIVE;
				CLANG_CXX_LANGUAGE_STANDARD = "gnu++14";
				CLANG_CXX_LIBRARY = "libc++";
				CLANG_ENABLE_MODULES = YES;
				CLANG_ENABLE_OBJC_ARC = YES;
				CLANG_ENABLE_OBJC_WEAK = YES;
				CLANG_WARN_BLOCK_CAPTURE_AUTORELEASING = YES;
				CLANG_WARN_BOOL_CONVERSION = YES;
				CLANG_WARN_COMMA = YES;
				CLANG_WARN_CONSTANT_CONVERSION = YES;
				CLANG_WARN_DEPRECATED_OBJC_IMPLEMENTATIONS = YES;
				CLANG_WARN_DIRECT_OBJC_ISA_USAGE = YES_ERROR;
				CLANG_WARN_DOCUMENTATION_COMMENTS = YES;
				CLANG_WARN_EMPTY_BODY = YES;
				CLANG_WARN_ENUM_CONVERSION = YES;
				CLANG_WARN_INFINITE_RECURSION = YES;
				CLANG_WARN_INT_CONVERSION = YES;
				CLANG_WARN_NON_LITERAL_NULL_CONVERSION = YES;
				CLANG_WARN_OBJC_IMPLICIT_RETAIN_SELF = YES;
				CLANG_WARN_OBJC_LITERAL_CONVERSION = YES;
				CLANG_WARN_OBJC_ROOT_CLASS = YES_ERROR;
				CLANG_WARN_RANGE_LOOP_ANALYSIS = YES;
				CLANG_WARN_STRICT_PROTOTYPES = YES;
				CLANG_WARN_SUSPICIOUS_MOVE = YES;
				CLANG_WARN_UNGUARDED_AVAILABILITY = YES_AGGRESSIVE;
				CLANG_WARN_UNREACHABLE_CODE = YES;
				CLANG_WARN__DUPLICATE_METHOD_MATCH = YES;
				CODE_SIGN_IDENTITY = "iPhone Developer";
				COPY_PHASE_STRIP = NO;
				DEBUG_INFORMATION_FORMAT = dwarf;
				ENABLE_STRICT_OBJC_MSGSEND = YES;
				ENABLE_TESTABILITY = YES;
				GCC_C_LANGUAGE_STANDARD = gnu11;
				GCC_DYNAMIC_NO_PIC = NO;
				GCC_NO_COMMON_BLOCKS = YES;
				GCC_OPTIMIZATION_LEVEL = 0;
				GCC_PREPROCESSOR_DEFINITIONS = (
					"DEBUG=1",
					"$(inherited)",
				);
				GCC_WARN_64_TO_32_BIT_CONVERSION = YES;
				GCC_WARN_ABOUT_RETURN_TYPE = YES_ERROR;
				GCC_WARN_UNDECLARED_SELECTOR = YES;
				GCC_WARN_UNINITIALIZED_AUTOS = YES_AGGRESSIVE;
				GCC_WARN_UNUSED_FUNCTION = YES;
				GCC_WARN_UNUSED_VARIABLE = YES;
				IPHONEOS_DEPLOYMENT_TARGET = 12.1;
				MTL_ENABLE_DEBUG_INFO = INCLUDE_SOURCE;
				MTL_FAST_MATH = YES;
				ONLY_ACTIVE_ARCH = YES;
				SDKROOT = iphoneos;
				SWIFT_ACTIVE_COMPILATION_CONDITIONS = DEBUG;
				SWIFT_OPTIMIZATION_LEVEL = "-Onone";
			};
			name = Debug;
		};
		613363B42253C0C90043308A /* Release */ = {
			isa = XCBuildConfiguration;
			buildSettings = {
				ALWAYS_SEARCH_USER_PATHS = NO;
				CLANG_ANALYZER_NONNULL = YES;
				CLANG_ANALYZER_NUMBER_OBJECT_CONVERSION = YES_AGGRESSIVE;
				CLANG_CXX_LANGUAGE_STANDARD = "gnu++14";
				CLANG_CXX_LIBRARY = "libc++";
				CLANG_ENABLE_MODULES = YES;
				CLANG_ENABLE_OBJC_ARC = YES;
				CLANG_ENABLE_OBJC_WEAK = YES;
				CLANG_WARN_BLOCK_CAPTURE_AUTORELEASING = YES;
				CLANG_WARN_BOOL_CONVERSION = YES;
				CLANG_WARN_COMMA = YES;
				CLANG_WARN_CONSTANT_CONVERSION = YES;
				CLANG_WARN_DEPRECATED_OBJC_IMPLEMENTATIONS = YES;
				CLANG_WARN_DIRECT_OBJC_ISA_USAGE = YES_ERROR;
				CLANG_WARN_DOCUMENTATION_COMMENTS = YES;
				CLANG_WARN_EMPTY_BODY = YES;
				CLANG_WARN_ENUM_CONVERSION = YES;
				CLANG_WARN_INFINITE_RECURSION = YES;
				CLANG_WARN_INT_CONVERSION = YES;
				CLANG_WARN_NON_LITERAL_NULL_CONVERSION = YES;
				CLANG_WARN_OBJC_IMPLICIT_RETAIN_SELF = YES;
				CLANG_WARN_OBJC_LITERAL_CONVERSION = YES;
				CLANG_WARN_OBJC_ROOT_CLASS = YES_ERROR;
				CLANG_WARN_RANGE_LOOP_ANALYSIS = YES;
				CLANG_WARN_STRICT_PROTOTYPES = YES;
				CLANG_WARN_SUSPICIOUS_MOVE = YES;
				CLANG_WARN_UNGUARDED_AVAILABILITY = YES_AGGRESSIVE;
				CLANG_WARN_UNREACHABLE_CODE = YES;
				CLANG_WARN__DUPLICATE_METHOD_MATCH = YES;
				CODE_SIGN_IDENTITY = "iPhone Developer";
				COPY_PHASE_STRIP = NO;
				DEBUG_INFORMATION_FORMAT = "dwarf-with-dsym";
				ENABLE_NS_ASSERTIONS = NO;
				ENABLE_STRICT_OBJC_MSGSEND = YES;
				GCC_C_LANGUAGE_STANDARD = gnu11;
				GCC_NO_COMMON_BLOCKS = YES;
				GCC_WARN_64_TO_32_BIT_CONVERSION = YES;
				GCC_WARN_ABOUT_RETURN_TYPE = YES_ERROR;
				GCC_WARN_UNDECLARED_SELECTOR = YES;
				GCC_WARN_UNINITIALIZED_AUTOS = YES_AGGRESSIVE;
				GCC_WARN_UNUSED_FUNCTION = YES;
				GCC_WARN_UNUSED_VARIABLE = YES;
				IPHONEOS_DEPLOYMENT_TARGET = 12.1;
				MTL_ENABLE_DEBUG_INFO = NO;
				MTL_FAST_MATH = YES;
				SDKROOT = iphoneos;
				SWIFT_COMPILATION_MODE = wholemodule;
				SWIFT_OPTIMIZATION_LEVEL = "-O";
				VALIDATE_PRODUCT = YES;
			};
			name = Release;
		};
		613363B62253C0C90043308A /* Debug */ = {
			isa = XCBuildConfiguration;
			buildSettings = {
				ASSETCATALOG_COMPILER_APPICON_NAME = AppIcon;
				CODE_SIGN_STYLE = Automatic;
				INFOPLIST_FILE = git/Info.plist;
				LD_RUNPATH_SEARCH_PATHS = (
					"$(inherited)",
					"@executable_path/Frameworks",
				);
				PRODUCT_BUNDLE_IDENTIFIER = riordan.git;
				PRODUCT_NAME = "$(TARGET_NAME)";
				SWIFT_VERSION = 4.2;
				TARGETED_DEVICE_FAMILY = "1,2";
			};
			name = Debug;
		};
		613363B72253C0C90043308A /* Release */ = {
			isa = XCBuildConfiguration;
			buildSettings = {
				ASSETCATALOG_COMPILER_APPICON_NAME = AppIcon;
				CODE_SIGN_STYLE = Automatic;
				INFOPLIST_FILE = git/Info.plist;
				LD_RUNPATH_SEARCH_PATHS = (
					"$(inherited)",
					"@executable_path/Frameworks",
				);
				PRODUCT_BUNDLE_IDENTIFIER = riordan.git;
				PRODUCT_NAME = "$(TARGET_NAME)";
				SWIFT_VERSION = 4.2;
				TARGETED_DEVICE_FAMILY = "1,2";
			};
			name = Release;
		};
		613363B92253C0C90043308A /* Debug */ = {
			isa = XCBuildConfiguration;
			buildSettings = {
				ALWAYS_EMBED_SWIFT_STANDARD_LIBRARIES = YES;
				BUNDLE_LOADER = "$(TEST_HOST)";
				CODE_SIGN_STYLE = Automatic;
				INFOPLIST_FILE = gitTests/Info.plist;
				LD_RUNPATH_SEARCH_PATHS = (
					"$(inherited)",
					"@executable_path/Frameworks",
					"@loader_path/Frameworks",
				);
				PRODUCT_BUNDLE_IDENTIFIER = riordan.gitTests;
				PRODUCT_NAME = "$(TARGET_NAME)";
				SWIFT_VERSION = 4.2;
				TARGETED_DEVICE_FAMILY = "1,2";
				TEST_HOST = "$(BUILT_PRODUCTS_DIR)/git.app/git";
			};
			name = Debug;
		};
		613363BA2253C0C90043308A /* Release */ = {
			isa = XCBuildConfiguration;
			buildSettings = {
				ALWAYS_EMBED_SWIFT_STANDARD_LIBRARIES = YES;
				BUNDLE_LOADER = "$(TEST_HOST)";
				CODE_SIGN_STYLE = Automatic;
				INFOPLIST_FILE = gitTests/Info.plist;
				LD_RUNPATH_SEARCH_PATHS = (
					"$(inherited)",
					"@executable_path/Frameworks",
					"@loader_path/Frameworks",
				);
				PRODUCT_BUNDLE_IDENTIFIER = riordan.gitTests;
				PRODUCT_NAME = "$(TARGET_NAME)";
				SWIFT_VERSION = 4.2;
				TARGETED_DEVICE_FAMILY = "1,2";
				TEST_HOST = "$(BUILT_PRODUCTS_DIR)/git.app/git";
			};
			name = Release;
		};
		613363BC2253C0C90043308A /* Debug */ = {
			isa = XCBuildConfiguration;
			buildSettings = {
				ALWAYS_EMBED_SWIFT_STANDARD_LIBRARIES = YES;
				CODE_SIGN_STYLE = Automatic;
				INFOPLIST_FILE = gitUITests/Info.plist;
				LD_RUNPATH_SEARCH_PATHS = (
					"$(inherited)",
					"@executable_path/Frameworks",
					"@loader_path/Frameworks",
				);
				PRODUCT_BUNDLE_IDENTIFIER = riordan.gitUITests;
				PRODUCT_NAME = "$(TARGET_NAME)";
				SWIFT_VERSION = 4.2;
				TARGETED_DEVICE_FAMILY = "1,2";
				TEST_TARGET_NAME = git;
			};
			name = Debug;
		};
		613363BD2253C0C90043308A /* Release */ = {
			isa = XCBuildConfiguration;
			buildSettings = {
				ALWAYS_EMBED_SWIFT_STANDARD_LIBRARIES = YES;
				CODE_SIGN_STYLE = Automatic;
				INFOPLIST_FILE = gitUITests/Info.plist;
				LD_RUNPATH_SEARCH_PATHS = (
					"$(inherited)",
					"@executable_path/Frameworks",
					"@loader_path/Frameworks",
				);
				PRODUCT_BUNDLE_IDENTIFIER = riordan.gitUITests;
				PRODUCT_NAME = "$(TARGET_NAME)";
				SWIFT_VERSION = 4.2;
				TARGETED_DEVICE_FAMILY = "1,2";
				TEST_TARGET_NAME = git;
			};
			name = Release;
		};
/* End XCBuildConfiguration section */

/* Begin XCConfigurationList section */
		613363882253C0C80043308A /* Build configuration list for PBXProject "git" */ = {
			isa = XCConfigurationList;
			buildConfigurations = (
				613363B32253C0C90043308A /* Debug */,
				613363B42253C0C90043308A /* Release */,
			);
			defaultConfigurationIsVisible = 0;
			defaultConfigurationName = Release;
		};
		613363B52253C0C90043308A /* Build configuration list for PBXNativeTarget "git" */ = {
			isa = XCConfigurationList;
			buildConfigurations = (
				613363B62253C0C90043308A /* Debug */,
				613363B72253C0C90043308A /* Release */,
			);
			defaultConfigurationIsVisible = 0;
			defaultConfigurationName = Release;
		};
		613363B82253C0C90043308A /* Build configuration list for PBXNativeTarget "gitTests" */ = {
			isa = XCConfigurationList;
			buildConfigurations = (
				613363B92253C0C90043308A /* Debug */,
				613363BA2253C0C90043308A /* Release */,
			);
			defaultConfigurationIsVisible = 0;
			defaultConfigurationName = Release;
		};
		613363BB2253C0C90043308A /* Build configuration list for PBXNativeTarget "gitUITests" */ = {
			isa = XCConfigurationList;
			buildConfigurations = (
				613363BC2253C0C90043308A /* Debug */,
				613363BD2253C0C90043308A /* Release */,
			);
			defaultConfigurationIsVisible = 0;
			defaultConfigurationName = Release;
		};
/* End XCConfigurationList section */
	};
	rootObject = 613363852253C0C80043308A /* Project object */;
}
